Microsoft Visual Studio Solution File, Format Version 11.00
# Visual Studio 2008

Project("{07807764-97C1-D526-A4B1-1AE71C564AB6}") = "3dSnake", "Assembly-CSharp.csproj", "{E045E626-8832-5BBE-5B56-5E9D64BC672A}"
EndProject
Project("{07807764-97C1-D526-A4B1-1AE71C564AB6}") = "3dSnake", "Assembly-UnityScript.unityproj", "{BA85D92F-0858-EB1F-D3C1-638380962111}"
EndProject
Global
	GlobalSection(SolutionConfigurationPlatforms) = preSolution
		Debug|Any CPU = Debug|Any CPU
		Release|Any CPU = Release|Any CPU
	EndGlobalSection
	GlobalSection(ProjectConfigurationPlatforms) = postSolution
		{E045E626-8832-5BBE-5B56-5E9D64BC672A}.Debug|Any CPU.ActiveCfg = Debug|Any CPU
		{E045E626-8832-5BBE-5B56-5E9D64BC672A}.Debug|Any CPU.Build.0 = Debug|Any CPU
		{E045E626-8832-5BBE-5B56-5E9D64BC672A}.Release|Any CPU.ActiveCfg = Release|Any CPU
		{E045E626-8832-5BBE-5B56-5E9D64BC672A}.Release|Any CPU.Build.0 = Release|Any CPU
		{BA85D92F-0858-EB1F-D3C1-638380962111}.Debug|Any CPU.ActiveCfg = Debug|Any CPU
		{BA85D92F-0858-EB1F-D3C1-638380962111}.Debug|Any CPU.Build.0 = Debug|Any CPU
		{BA85D92F-0858-EB1F-D3C1-638380962111}.Release|Any CPU.ActiveCfg = Release|Any CPU
		{BA85D92F-0858-EB1F-D3C1-638380962111}.Release|Any CPU.Build.0 = Release|Any CPU
	EndGlobalSection
	GlobalSection(SolutionProperties) = preSolution
		HideSolutionNode = FALSE
	EndGlobalSection
																																																																																																																						GlobalSection(MonoDevelopProperties) = preSolution
		StartupItem = Assembly-CSharp.csproj
		Policies = $0
		$0.TextStylePolicy = $1
		$1.inheritsSet = null
		$1.scope = text/x-csharp
		$0.CSharpFormattingPolicy = $2
		$2.inheritsSet = Mono
		$2.inheritsScope = text/x-csharp
		$2.scope = text/x-csharp
		$0.TextStylePolicy = $3
		$3.FileWidth = 120
		$3.TabWidth = 4
		$3.EolMarker = Unix
		$3.inheritsSet = Mono
		$3.inheritsScope = text/plain
		$3.scope = text/plain
	EndGlobalSection

EndGlobal
